
Microsoft Visual Studio Solution File, Format Version 12.00
# Visual Studio 2013
VisualStudioVersion = 12.0.30110.0
MinimumVisualStudioVersion = 10.0.40219.1
Project("{2150E333-8FDC-42A3-9474-1A3956D46DE8}") = ".nuget", ".nuget", "{71D088E1-6A37-4D4F-8954-11FD67980993}"
	ProjectSection(SolutionItems) = preProject
		.nuget\NuGet.Config = .nuget\NuGet.Config
		.nuget\NuGet.exe = .nuget\NuGet.exe
		.nuget\NuGet.targets = .nuget\NuGet.targets
	EndProjectSection
EndProject
Project("{FAE04EC0-301F-11D3-BF4B-00C04F79EFBC}") = "PracticeTime.Web", "src\Web\PracticeTime.Web\PracticeTime.Web.csproj", "{45E19BB2-686A-44FF-9F7E-AD7170DCD521}"
EndProject
Project("{FAE04EC0-301F-11D3-BF4B-00C04F79EFBC}") = "PracticeTime.Web.Test", "src\Web\PracticeTime.Web.Test\PracticeTime.Web.Test.csproj", "{5F175F0A-BE60-4DC3-9382-F1D070F4D77A}"
EndProject
Project("{2150E333-8FDC-42A3-9474-1A3956D46DE8}") = "Web", "Web", "{235D6D66-5DAC-48F5-A5FD-42EABCECA565}"
EndProject
Project("{FAE04EC0-301F-11D3-BF4B-00C04F79EFBC}") = "PracticeTime.Web.DataAccess", "src\Web\PracticeTime.Web.DataAccess\PracticeTime.Web.DataAccess.csproj", "{AB1F6758-3A65-4215-AFC3-2EE22EA98831}"
EndProject
Project("{FAE04EC0-301F-11D3-BF4B-00C04F79EFBC}") = "PracticeTime.Web.DataAccess.Test", "src\Web\PracticeTime.Web.DataAccess.Test\PracticeTime.Web.DataAccess.Test.csproj", "{18313ECA-5A98-4A3A-BE4E-4DB3E8F87BE2}"
EndProject
Project("{FAE04EC0-301F-11D3-BF4B-00C04F79EFBC}") = "PracticeTime.Web.Lib", "src\Web\PracticeTime.Web.Lib\PracticeTime.Web.Lib.csproj", "{870B1B06-EA94-4C33-8C3C-423E48756006}"
EndProject
Project("{FAE04EC0-301F-11D3-BF4B-00C04F79EFBC}") = "PracticeTime.Web.Lib.Test", "src\Web\PracticeTime.Web.Lib.Test\PracticeTime.Web.Lib.Test.csproj", "{A12030CA-BF37-422B-AA0F-FD6142BDF09E}"
EndProject
Project("{FAE04EC0-301F-11D3-BF4B-00C04F79EFBC}") = "Logging.Lib", "src\Web\Logging\Logging.Lib\Logging.Lib.csproj", "{3DBD6181-84D8-4FE2-93D4-F87340B8E4D4}"
EndProject
Project("{FAE04EC0-301F-11D3-BF4B-00C04F79EFBC}") = "Logging.Lib.Test", "src\Web\Logging\Logging.Lib.Test\Logging.Lib.Test.csproj", "{EA6C764B-2A85-416A-8334-225FCA04B77C}"
EndProject
Global
	GlobalSection(SolutionConfigurationPlatforms) = preSolution
		AppHarbor|Any CPU = AppHarbor|Any CPU
		AppHarbor|ARM = AppHarbor|ARM
		AppHarbor|Mixed Platforms = AppHarbor|Mixed Platforms
		AppHarbor|x64 = AppHarbor|x64
		AppHarbor|x86 = AppHarbor|x86
		Debug|Any CPU = Debug|Any CPU
		Debug|ARM = Debug|ARM
		Debug|Mixed Platforms = Debug|Mixed Platforms
		Debug|x64 = Debug|x64
		Debug|x86 = Debug|x86
		Release|Any CPU = Release|Any CPU
		Release|ARM = Release|ARM
		Release|Mixed Platforms = Release|Mixed Platforms
		Release|x64 = Release|x64
		Release|x86 = Release|x86
	EndGlobalSection
	GlobalSection(ProjectConfigurationPlatforms) = postSolution
		{45E19BB2-686A-44FF-9F7E-AD7170DCD521}.AppHarbor|Any CPU.ActiveCfg = Release|Any CPU
		{45E19BB2-686A-44FF-9F7E-AD7170DCD521}.AppHarbor|Any CPU.Build.0 = Release|Any CPU
		{45E19BB2-686A-44FF-9F7E-AD7170DCD521}.AppHarbor|ARM.ActiveCfg = Release|Any CPU
		{45E19BB2-686A-44FF-9F7E-AD7170DCD521}.AppHarbor|Mixed Platforms.ActiveCfg = Release|Any CPU
		{45E19BB2-686A-44FF-9F7E-AD7170DCD521}.AppHarbor|Mixed Platforms.Build.0 = Release|Any CPU
		{45E19BB2-686A-44FF-9F7E-AD7170DCD521}.AppHarbor|x64.ActiveCfg = Release|Any CPU
		{45E19BB2-686A-44FF-9F7E-AD7170DCD521}.AppHarbor|x86.ActiveCfg = Release|Any CPU
		{45E19BB2-686A-44FF-9F7E-AD7170DCD521}.Debug|Any CPU.ActiveCfg = Debug|Any CPU
		{45E19BB2-686A-44FF-9F7E-AD7170DCD521}.Debug|Any CPU.Build.0 = Debug|Any CPU
		{45E19BB2-686A-44FF-9F7E-AD7170DCD521}.Debug|ARM.ActiveCfg = Debug|Any CPU
		{45E19BB2-686A-44FF-9F7E-AD7170DCD521}.Debug|Mixed Platforms.ActiveCfg = Debug|Any CPU
		{45E19BB2-686A-44FF-9F7E-AD7170DCD521}.Debug|Mixed Platforms.Build.0 = Debug|Any CPU
		{45E19BB2-686A-44FF-9F7E-AD7170DCD521}.Debug|x64.ActiveCfg = Debug|Any CPU
		{45E19BB2-686A-44FF-9F7E-AD7170DCD521}.Debug|x86.ActiveCfg = Debug|Any CPU
		{45E19BB2-686A-44FF-9F7E-AD7170DCD521}.Release|Any CPU.ActiveCfg = Release|Any CPU
		{45E19BB2-686A-44FF-9F7E-AD7170DCD521}.Release|Any CPU.Build.0 = Release|Any CPU
		{45E19BB2-686A-44FF-9F7E-AD7170DCD521}.Release|ARM.ActiveCfg = Release|Any CPU
		{45E19BB2-686A-44FF-9F7E-AD7170DCD521}.Release|Mixed Platforms.ActiveCfg = Release|Any CPU
		{45E19BB2-686A-44FF-9F7E-AD7170DCD521}.Release|Mixed Platforms.Build.0 = Release|Any CPU
		{45E19BB2-686A-44FF-9F7E-AD7170DCD521}.Release|x64.ActiveCfg = Release|Any CPU
		{45E19BB2-686A-44FF-9F7E-AD7170DCD521}.Release|x86.ActiveCfg = Release|Any CPU
		{5F175F0A-BE60-4DC3-9382-F1D070F4D77A}.AppHarbor|Any CPU.ActiveCfg = Release|Any CPU
		{5F175F0A-BE60-4DC3-9382-F1D070F4D77A}.AppHarbor|Any CPU.Build.0 = Release|Any CPU
		{5F175F0A-BE60-4DC3-9382-F1D070F4D77A}.AppHarbor|ARM.ActiveCfg = Release|Any CPU
		{5F175F0A-BE60-4DC3-9382-F1D070F4D77A}.AppHarbor|Mixed Platforms.ActiveCfg = Release|Any CPU
		{5F175F0A-BE60-4DC3-9382-F1D070F4D77A}.AppHarbor|Mixed Platforms.Build.0 = Release|Any CPU
		{5F175F0A-BE60-4DC3-9382-F1D070F4D77A}.AppHarbor|x64.ActiveCfg = Release|Any CPU
		{5F175F0A-BE60-4DC3-9382-F1D070F4D77A}.AppHarbor|x86.ActiveCfg = Release|Any CPU
		{5F175F0A-BE60-4DC3-9382-F1D070F4D77A}.Debug|Any CPU.ActiveCfg = Debug|Any CPU
		{5F175F0A-BE60-4DC3-9382-F1D070F4D77A}.Debug|Any CPU.Build.0 = Debug|Any CPU
		{5F175F0A-BE60-4DC3-9382-F1D070F4D77A}.Debug|ARM.ActiveCfg = Debug|Any CPU
		{5F175F0A-BE60-4DC3-9382-F1D070F4D77A}.Debug|Mixed Platforms.ActiveCfg = Debug|Any CPU
		{5F175F0A-BE60-4DC3-9382-F1D070F4D77A}.Debug|Mixed Platforms.Build.0 = Debug|Any CPU
		{5F175F0A-BE60-4DC3-9382-F1D070F4D77A}.Debug|x64.ActiveCfg = Debug|Any CPU
		{5F175F0A-BE60-4DC3-9382-F1D070F4D77A}.Debug|x86.ActiveCfg = Debug|Any CPU
		{5F175F0A-BE60-4DC3-9382-F1D070F4D77A}.Release|Any CPU.ActiveCfg = Release|Any CPU
		{5F175F0A-BE60-4DC3-9382-F1D070F4D77A}.Release|Any CPU.Build.0 = Release|Any CPU
		{5F175F0A-BE60-4DC3-9382-F1D070F4D77A}.Release|ARM.ActiveCfg = Release|Any CPU
		{5F175F0A-BE60-4DC3-9382-F1D070F4D77A}.Release|Mixed Platforms.ActiveCfg = Release|Any CPU
		{5F175F0A-BE60-4DC3-9382-F1D070F4D77A}.Release|Mixed Platforms.Build.0 = Release|Any CPU
		{5F175F0A-BE60-4DC3-9382-F1D070F4D77A}.Release|x64.ActiveCfg = Release|Any CPU
		{5F175F0A-BE60-4DC3-9382-F1D070F4D77A}.Release|x86.ActiveCfg = Release|Any CPU
		{AB1F6758-3A65-4215-AFC3-2EE22EA98831}.AppHarbor|Any CPU.ActiveCfg = Release|Any CPU
		{AB1F6758-3A65-4215-AFC3-2EE22EA98831}.AppHarbor|Any CPU.Build.0 = Release|Any CPU
		{AB1F6758-3A65-4215-AFC3-2EE22EA98831}.AppHarbor|ARM.ActiveCfg = Release|Any CPU
		{AB1F6758-3A65-4215-AFC3-2EE22EA98831}.AppHarbor|Mixed Platforms.ActiveCfg = Release|Any CPU
		{AB1F6758-3A65-4215-AFC3-2EE22EA98831}.AppHarbor|Mixed Platforms.Build.0 = Release|Any CPU
		{AB1F6758-3A65-4215-AFC3-2EE22EA98831}.AppHarbor|x64.ActiveCfg = Release|Any CPU
		{AB1F6758-3A65-4215-AFC3-2EE22EA98831}.AppHarbor|x86.ActiveCfg = Release|Any CPU
		{AB1F6758-3A65-4215-AFC3-2EE22EA98831}.Debug|Any CPU.ActiveCfg = Debug|Any CPU
		{AB1F6758-3A65-4215-AFC3-2EE22EA98831}.Debug|Any CPU.Build.0 = Debug|Any CPU
		{AB1F6758-3A65-4215-AFC3-2EE22EA98831}.Debug|ARM.ActiveCfg = Debug|Any CPU
		{AB1F6758-3A65-4215-AFC3-2EE22EA98831}.Debug|Mixed Platforms.ActiveCfg = Debug|Any CPU
		{AB1F6758-3A65-4215-AFC3-2EE22EA98831}.Debug|Mixed Platforms.Build.0 = Debug|Any CPU
		{AB1F6758-3A65-4215-AFC3-2EE22EA98831}.Debug|x64.ActiveCfg = Debug|Any CPU
		{AB1F6758-3A65-4215-AFC3-2EE22EA98831}.Debug|x86.ActiveCfg = Debug|Any CPU
		{AB1F6758-3A65-4215-AFC3-2EE22EA98831}.Release|Any CPU.ActiveCfg = Release|Any CPU
		{AB1F6758-3A65-4215-AFC3-2EE22EA98831}.Release|Any CPU.Build.0 = Release|Any CPU
		{AB1F6758-3A65-4215-AFC3-2EE22EA98831}.Release|ARM.ActiveCfg = Release|Any CPU
		{AB1F6758-3A65-4215-AFC3-2EE22EA98831}.Release|Mixed Platforms.ActiveCfg = Release|Any CPU
		{AB1F6758-3A65-4215-AFC3-2EE22EA98831}.Release|Mixed Platforms.Build.0 = Release|Any CPU
		{AB1F6758-3A65-4215-AFC3-2EE22EA98831}.Release|x64.ActiveCfg = Release|Any CPU
		{AB1F6758-3A65-4215-AFC3-2EE22EA98831}.Release|x86.ActiveCfg = Release|Any CPU
		{18313ECA-5A98-4A3A-BE4E-4DB3E8F87BE2}.AppHarbor|Any CPU.ActiveCfg = Release|Any CPU
		{18313ECA-5A98-4A3A-BE4E-4DB3E8F87BE2}.AppHarbor|Any CPU.Build.0 = Release|Any CPU
		{18313ECA-5A98-4A3A-BE4E-4DB3E8F87BE2}.AppHarbor|ARM.ActiveCfg = Release|Any CPU
		{18313ECA-5A98-4A3A-BE4E-4DB3E8F87BE2}.AppHarbor|Mixed Platforms.ActiveCfg = Release|Any CPU
		{18313ECA-5A98-4A3A-BE4E-4DB3E8F87BE2}.AppHarbor|Mixed Platforms.Build.0 = Release|Any CPU
		{18313ECA-5A98-4A3A-BE4E-4DB3E8F87BE2}.AppHarbor|x64.ActiveCfg = Release|Any CPU
		{18313ECA-5A98-4A3A-BE4E-4DB3E8F87BE2}.AppHarbor|x86.ActiveCfg = Release|Any CPU
		{18313ECA-5A98-4A3A-BE4E-4DB3E8F87BE2}.Debug|Any CPU.ActiveCfg = Debug|Any CPU
		{18313ECA-5A98-4A3A-BE4E-4DB3E8F87BE2}.Debug|Any CPU.Build.0 = Debug|Any CPU
		{18313ECA-5A98-4A3A-BE4E-4DB3E8F87BE2}.Debug|ARM.ActiveCfg = Debug|Any CPU
		{18313ECA-5A98-4A3A-BE4E-4DB3E8F87BE2}.Debug|Mixed Platforms.ActiveCfg = Debug|Any CPU
		{18313ECA-5A98-4A3A-BE4E-4DB3E8F87BE2}.Debug|Mixed Platforms.Build.0 = Debug|Any CPU
		{18313ECA-5A98-4A3A-BE4E-4DB3E8F87BE2}.Debug|x64.ActiveCfg = Debug|Any CPU
		{18313ECA-5A98-4A3A-BE4E-4DB3E8F87BE2}.Debug|x86.ActiveCfg = Debug|Any CPU
		{18313ECA-5A98-4A3A-BE4E-4DB3E8F87BE2}.Release|Any CPU.ActiveCfg = Release|Any CPU
		{18313ECA-5A98-4A3A-BE4E-4DB3E8F87BE2}.Release|Any CPU.Build.0 = Release|Any CPU
		{18313ECA-5A98-4A3A-BE4E-4DB3E8F87BE2}.Release|ARM.ActiveCfg = Release|Any CPU
		{18313ECA-5A98-4A3A-BE4E-4DB3E8F87BE2}.Release|Mixed Platforms.ActiveCfg = Release|Any CPU
		{18313ECA-5A98-4A3A-BE4E-4DB3E8F87BE2}.Release|Mixed Platforms.Build.0 = Release|Any CPU
		{18313ECA-5A98-4A3A-BE4E-4DB3E8F87BE2}.Release|x64.ActiveCfg = Release|Any CPU
		{18313ECA-5A98-4A3A-BE4E-4DB3E8F87BE2}.Release|x86.ActiveCfg = Release|Any CPU
		{870B1B06-EA94-4C33-8C3C-423E48756006}.AppHarbor|Any CPU.ActiveCfg = Release|Any CPU
		{870B1B06-EA94-4C33-8C3C-423E48756006}.AppHarbor|Any CPU.Build.0 = Release|Any CPU
		{870B1B06-EA94-4C33-8C3C-423E48756006}.AppHarbor|ARM.ActiveCfg = Release|Any CPU
		{870B1B06-EA94-4C33-8C3C-423E48756006}.AppHarbor|Mixed Platforms.ActiveCfg = Release|Any CPU
		{870B1B06-EA94-4C33-8C3C-423E48756006}.AppHarbor|Mixed Platforms.Build.0 = Release|Any CPU
		{870B1B06-EA94-4C33-8C3C-423E48756006}.AppHarbor|x64.ActiveCfg = Release|Any CPU
		{870B1B06-EA94-4C33-8C3C-423E48756006}.AppHarbor|x86.ActiveCfg = Release|Any CPU
		{870B1B06-EA94-4C33-8C3C-423E48756006}.Debug|Any CPU.ActiveCfg = Debug|Any CPU
		{870B1B06-EA94-4C33-8C3C-423E48756006}.Debug|Any CPU.Build.0 = Debug|Any CPU
		{870B1B06-EA94-4C33-8C3C-423E48756006}.Debug|ARM.ActiveCfg = Debug|Any CPU
		{870B1B06-EA94-4C33-8C3C-423E48756006}.Debug|Mixed Platforms.ActiveCfg = Debug|Any CPU
		{870B1B06-EA94-4C33-8C3C-423E48756006}.Debug|Mixed Platforms.Build.0 = Debug|Any CPU
		{870B1B06-EA94-4C33-8C3C-423E48756006}.Debug|x64.ActiveCfg = Debug|Any CPU
		{870B1B06-EA94-4C33-8C3C-423E48756006}.Debug|x86.ActiveCfg = Debug|Any CPU
		{870B1B06-EA94-4C33-8C3C-423E48756006}.Release|Any CPU.ActiveCfg = Release|Any CPU
		{870B1B06-EA94-4C33-8C3C-423E48756006}.Release|Any CPU.Build.0 = Release|Any CPU
		{870B1B06-EA94-4C33-8C3C-423E48756006}.Release|ARM.ActiveCfg = Release|Any CPU
		{870B1B06-EA94-4C33-8C3C-423E48756006}.Release|Mixed Platforms.ActiveCfg = Release|Any CPU
		{870B1B06-EA94-4C33-8C3C-423E48756006}.Release|Mixed Platforms.Build.0 = Release|Any CPU
		{870B1B06-EA94-4C33-8C3C-423E48756006}.Release|x64.ActiveCfg = Release|Any CPU
		{870B1B06-EA94-4C33-8C3C-423E48756006}.Release|x86.ActiveCfg = Release|Any CPU
		{A12030CA-BF37-422B-AA0F-FD6142BDF09E}.AppHarbor|Any CPU.ActiveCfg = Release|Any CPU
		{A12030CA-BF37-422B-AA0F-FD6142BDF09E}.AppHarbor|Any CPU.Build.0 = Release|Any CPU
		{A12030CA-BF37-422B-AA0F-FD6142BDF09E}.AppHarbor|ARM.ActiveCfg = Release|Any CPU
		{A12030CA-BF37-422B-AA0F-FD6142BDF09E}.AppHarbor|Mixed Platforms.ActiveCfg = Release|Any CPU
		{A12030CA-BF37-422B-AA0F-FD6142BDF09E}.AppHarbor|Mixed Platforms.Build.0 = Release|Any CPU
		{A12030CA-BF37-422B-AA0F-FD6142BDF09E}.AppHarbor|x64.ActiveCfg = Release|Any CPU
		{A12030CA-BF37-422B-AA0F-FD6142BDF09E}.AppHarbor|x86.ActiveCfg = Release|Any CPU
		{A12030CA-BF37-422B-AA0F-FD6142BDF09E}.Debug|Any CPU.ActiveCfg = Debug|Any CPU
		{A12030CA-BF37-422B-AA0F-FD6142BDF09E}.Debug|Any CPU.Build.0 = Debug|Any CPU
		{A12030CA-BF37-422B-AA0F-FD6142BDF09E}.Debug|ARM.ActiveCfg = Debug|Any CPU
		{A12030CA-BF37-422B-AA0F-FD6142BDF09E}.Debug|Mixed Platforms.ActiveCfg = Debug|Any CPU
		{A12030CA-BF37-422B-AA0F-FD6142BDF09E}.Debug|Mixed Platforms.Build.0 = Debug|Any CPU
		{A12030CA-BF37-422B-AA0F-FD6142BDF09E}.Debug|x64.ActiveCfg = Debug|Any CPU
		{A12030CA-BF37-422B-AA0F-FD6142BDF09E}.Debug|x86.ActiveCfg = Debug|Any CPU
		{A12030CA-BF37-422B-AA0F-FD6142BDF09E}.Release|Any CPU.ActiveCfg = Release|Any CPU
		{A12030CA-BF37-422B-AA0F-FD6142BDF09E}.Release|Any CPU.Build.0 = Release|Any CPU
		{A12030CA-BF37-422B-AA0F-FD6142BDF09E}.Release|ARM.ActiveCfg = Release|Any CPU
		{A12030CA-BF37-422B-AA0F-FD6142BDF09E}.Release|Mixed Platforms.ActiveCfg = Release|Any CPU
		{A12030CA-BF37-422B-AA0F-FD6142BDF09E}.Release|Mixed Platforms.Build.0 = Release|Any CPU
		{A12030CA-BF37-422B-AA0F-FD6142BDF09E}.Release|x64.ActiveCfg = Release|Any CPU
		{A12030CA-BF37-422B-AA0F-FD6142BDF09E}.Release|x86.ActiveCfg = Release|Any CPU
		{3DBD6181-84D8-4FE2-93D4-F87340B8E4D4}.AppHarbor|Any CPU.ActiveCfg = Release|Any CPU
		{3DBD6181-84D8-4FE2-93D4-F87340B8E4D4}.AppHarbor|Any CPU.Build.0 = Release|Any CPU
		{3DBD6181-84D8-4FE2-93D4-F87340B8E4D4}.AppHarbor|ARM.ActiveCfg = Release|Any CPU
		{3DBD6181-84D8-4FE2-93D4-F87340B8E4D4}.AppHarbor|Mixed Platforms.ActiveCfg = Release|Any CPU
		{3DBD6181-84D8-4FE2-93D4-F87340B8E4D4}.AppHarbor|Mixed Platforms.Build.0 = Release|Any CPU
		{3DBD6181-84D8-4FE2-93D4-F87340B8E4D4}.AppHarbor|x64.ActiveCfg = Release|Any CPU
		{3DBD6181-84D8-4FE2-93D4-F87340B8E4D4}.AppHarbor|x86.ActiveCfg = Release|Any CPU
		{3DBD6181-84D8-4FE2-93D4-F87340B8E4D4}.Debug|Any CPU.ActiveCfg = Debug|Any CPU
		{3DBD6181-84D8-4FE2-93D4-F87340B8E4D4}.Debug|Any CPU.Build.0 = Debug|Any CPU
		{3DBD6181-84D8-4FE2-93D4-F87340B8E4D4}.Debug|ARM.ActiveCfg = Debug|Any CPU
		{3DBD6181-84D8-4FE2-93D4-F87340B8E4D4}.Debug|Mixed Platforms.ActiveCfg = Debug|Any CPU
		{3DBD6181-84D8-4FE2-93D4-F87340B8E4D4}.Debug|Mixed Platforms.Build.0 = Debug|Any CPU
		{3DBD6181-84D8-4FE2-93D4-F87340B8E4D4}.Debug|x64.ActiveCfg = Debug|Any CPU
		{3DBD6181-84D8-4FE2-93D4-F87340B8E4D4}.Debug|x86.ActiveCfg = Debug|Any CPU
		{3DBD6181-84D8-4FE2-93D4-F87340B8E4D4}.Release|Any CPU.ActiveCfg = Release|Any CPU
		{3DBD6181-84D8-4FE2-93D4-F87340B8E4D4}.Release|Any CPU.Build.0 = Release|Any CPU
		{3DBD6181-84D8-4FE2-93D4-F87340B8E4D4}.Release|ARM.ActiveCfg = Release|Any CPU
		{3DBD6181-84D8-4FE2-93D4-F87340B8E4D4}.Release|Mixed Platforms.ActiveCfg = Release|Any CPU
		{3DBD6181-84D8-4FE2-93D4-F87340B8E4D4}.Release|Mixed Platforms.Build.0 = Release|Any CPU
		{3DBD6181-84D8-4FE2-93D4-F87340B8E4D4}.Release|x64.ActiveCfg = Release|Any CPU
		{3DBD6181-84D8-4FE2-93D4-F87340B8E4D4}.Release|x86.ActiveCfg = Release|Any CPU
		{EA6C764B-2A85-416A-8334-225FCA04B77C}.AppHarbor|Any CPU.ActiveCfg = Release|Any CPU
		{EA6C764B-2A85-416A-8334-225FCA04B77C}.AppHarbor|Any CPU.Build.0 = Release|Any CPU
		{EA6C764B-2A85-416A-8334-225FCA04B77C}.AppHarbor|ARM.ActiveCfg = Release|Any CPU
		{EA6C764B-2A85-416A-8334-225FCA04B77C}.AppHarbor|Mixed Platforms.ActiveCfg = Release|Any CPU
		{EA6C764B-2A85-416A-8334-225FCA04B77C}.AppHarbor|Mixed Platforms.Build.0 = Release|Any CPU
		{EA6C764B-2A85-416A-8334-225FCA04B77C}.AppHarbor|x64.ActiveCfg = Release|Any CPU
		{EA6C764B-2A85-416A-8334-225FCA04B77C}.AppHarbor|x86.ActiveCfg = Release|Any CPU
		{EA6C764B-2A85-416A-8334-225FCA04B77C}.Debug|Any CPU.ActiveCfg = Debug|Any CPU
		{EA6C764B-2A85-416A-8334-225FCA04B77C}.Debug|Any CPU.Build.0 = Debug|Any CPU
		{EA6C764B-2A85-416A-8334-225FCA04B77C}.Debug|ARM.ActiveCfg = Debug|Any CPU
		{EA6C764B-2A85-416A-8334-225FCA04B77C}.Debug|Mixed Platforms.ActiveCfg = Debug|Any CPU
		{EA6C764B-2A85-416A-8334-225FCA04B77C}.Debug|Mixed Platforms.Build.0 = Debug|Any CPU
		{EA6C764B-2A85-416A-8334-225FCA04B77C}.Debug|x64.ActiveCfg = Debug|Any CPU
		{EA6C764B-2A85-416A-8334-225FCA04B77C}.Debug|x86.ActiveCfg = Debug|Any CPU
		{EA6C764B-2A85-416A-8334-225FCA04B77C}.Release|Any CPU.ActiveCfg = Release|Any CPU
		{EA6C764B-2A85-416A-8334-225FCA04B77C}.Release|Any CPU.Build.0 = Release|Any CPU
		{EA6C764B-2A85-416A-8334-225FCA04B77C}.Release|ARM.ActiveCfg = Release|Any CPU
		{EA6C764B-2A85-416A-8334-225FCA04B77C}.Release|Mixed Platforms.ActiveCfg = Release|Any CPU
		{EA6C764B-2A85-416A-8334-225FCA04B77C}.Release|Mixed Platforms.Build.0 = Release|Any CPU
		{EA6C764B-2A85-416A-8334-225FCA04B77C}.Release|x64.ActiveCfg = Release|Any CPU
		{EA6C764B-2A85-416A-8334-225FCA04B77C}.Release|x86.ActiveCfg = Release|Any CPU
	EndGlobalSection
	GlobalSection(SolutionProperties) = preSolution
		HideSolutionNode = FALSE
	EndGlobalSection
	GlobalSection(NestedProjects) = preSolution
		{5F175F0A-BE60-4DC3-9382-F1D070F4D77A} = {235D6D66-5DAC-48F5-A5FD-42EABCECA565}
		{45E19BB2-686A-44FF-9F7E-AD7170DCD521} = {235D6D66-5DAC-48F5-A5FD-42EABCECA565}
		{AB1F6758-3A65-4215-AFC3-2EE22EA98831} = {235D6D66-5DAC-48F5-A5FD-42EABCECA565}
		{18313ECA-5A98-4A3A-BE4E-4DB3E8F87BE2} = {235D6D66-5DAC-48F5-A5FD-42EABCECA565}
		{870B1B06-EA94-4C33-8C3C-423E48756006} = {235D6D66-5DAC-48F5-A5FD-42EABCECA565}
		{A12030CA-BF37-422B-AA0F-FD6142BDF09E} = {235D6D66-5DAC-48F5-A5FD-42EABCECA565}
		{3DBD6181-84D8-4FE2-93D4-F87340B8E4D4} = {235D6D66-5DAC-48F5-A5FD-42EABCECA565}
		{EA6C764B-2A85-416A-8334-225FCA04B77C} = {235D6D66-5DAC-48F5-A5FD-42EABCECA565}
	EndGlobalSection
	GlobalSection(ExtensibilityGlobals) = postSolution
		EnterpriseLibraryConfigurationToolBinariesPathV6 = packages\EnterpriseLibrary.Common.6.0.1304.0\lib\NET45;packages\EnterpriseLibrary.Logging.6.0.1304.0\lib\NET45;packages\EnterpriseLibrary.Data.6.0.1304.0\lib\NET45;packages\EnterpriseLibrary.Logging.Database.6.0.1304.0\lib\NET45
	EndGlobalSection
EndGlobal
